
Microsoft Visual Studio Solution File, Format Version 12.00
# Visual Studio Version 17
VisualStudioVersion = 17.5.33530.505
MinimumVisualStudioVersion = 10.0.40219.1
Project("{FAE04EC0-301F-11D3-BF4B-00C04F79EFBC}") = "TestTask", "TestTask\TestTask.csproj", "{69CC2347-11EF-4429-BDFF-1D87FB4F62A5}"
EndProject
Global
	GlobalSection(SolutionConfigurationPlatforms) = preSolution
		Debug|Any CPU = Debug|Any CPU
		Release|Any CPU = Release|Any CPU
	EndGlobalSection
	GlobalSection(ProjectConfigurationPlatforms) = postSolution
		{69CC2347-11EF-4429-BDFF-1D87FB4F62A5}.Debug|Any CPU.ActiveCfg = Debug|Any CPU
		{69CC2347-11EF-4429-BDFF-1D87FB4F62A5}.Debug|Any CPU.Build.0 = Debug|Any CPU
		{69CC2347-11EF-4429-BDFF-1D87FB4F62A5}.Release|Any CPU.ActiveCfg = Release|Any CPU
		{69CC2347-11EF-4429-BDFF-1D87FB4F62A5}.Release|Any CPU.Build.0 = Release|Any CPU
	EndGlobalSection
	GlobalSection(SolutionProperties) = preSolution
		HideSolutionNode = FALSE
	EndGlobalSection
	GlobalSection(ExtensibilityGlobals) = postSolution
		SolutionGuid = {936775AD-55A7-4158-BB62-EFA87961D58C}
	EndGlobalSection
EndGlobal
